// !$*UTF8*$!
{
	archiveVersion = 1;
	classes = {
	};
	objectVersion = 56;
	objects = {

/* Begin PBXBuildFile section */
		CA643C5C2B208BF70092B575 /* AppDelegate.swift in Sources */ = {isa = PBXBuildFile; fileRef = CA643C5B2B208BF70092B575 /* AppDelegate.swift */; };
		CA643C662B208BF70092B575 /* AIChatApp.xcdatamodeld in Sources */ = {isa = PBXBuildFile; fileRef = CA643C642B208BF70092B575 /* AIChatApp.xcdatamodeld */; };
		CA643C682B208BF80092B575 /* Assets.xcassets in Resources */ = {isa = PBXBuildFile; fileRef = CA643C672B208BF80092B575 /* Assets.xcassets */; };
		CA643C742B208D2F0092B575 /* NeonSDK in Frameworks */ = {isa = PBXBuildFile; productRef = CA643C732B208D2F0092B575 /* NeonSDK */; };
		CA643C772B208DBE0092B575 /* GhostTypewriter in Frameworks */ = {isa = PBXBuildFile; productRef = CA643C762B208DBE0092B575 /* GhostTypewriter */; };
		CA643C7B2B208F170092B575 /* HomeVC.swift in Sources */ = {isa = PBXBuildFile; fileRef = CA643C7A2B208F170092B575 /* HomeVC.swift */; };
		CA8142152B32E50000500E4B /* SettingsCell.swift in Sources */ = {isa = PBXBuildFile; fileRef = CA8142142B32E50000500E4B /* SettingsCell.swift */; };
		CA8142182B32F9E400500E4B /* SettingsTableView.swift in Sources */ = {isa = PBXBuildFile; fileRef = CA8142172B32F9E400500E4B /* SettingsTableView.swift */; };
		CA81421A2B32FA2500500E4B /* Settings.swift in Sources */ = {isa = PBXBuildFile; fileRef = CA8142192B32FA2500500E4B /* Settings.swift */; };
		CA8994152B230145000D9EED /* HomeSliderVC.swift in Sources */ = {isa = PBXBuildFile; fileRef = CA8994142B230145000D9EED /* HomeSliderVC.swift */; };
		CA8994172B231A4D000D9EED /* MessageButton.swift in Sources */ = {isa = PBXBuildFile; fileRef = CA8994162B231A4D000D9EED /* MessageButton.swift */; };
		CA89941A2B231B4B000D9EED /* TextManagementCell.swift in Sources */ = {isa = PBXBuildFile; fileRef = CA8994192B231B4B000D9EED /* TextManagementCell.swift */; };
		CA9828882B31A41B00806F45 /* CategoryCell.swift in Sources */ = {isa = PBXBuildFile; fileRef = CA9828872B31A41B00806F45 /* CategoryCell.swift */; };
		CA98288A2B31B5E100806F45 /* ExploreCustomView.swift in Sources */ = {isa = PBXBuildFile; fileRef = CA9828892B31B5E100806F45 /* ExploreCustomView.swift */; };
		CA98288C2B31E24200806F45 /* ContinueButton.swift in Sources */ = {isa = PBXBuildFile; fileRef = CA98288B2B31E24200806F45 /* ContinueButton.swift */; };
		CAAD74AB2B3314D6009C4027 /* EmptyChatView.swift in Sources */ = {isa = PBXBuildFile; fileRef = CAAD74AA2B3314D6009C4027 /* EmptyChatView.swift */; };
		CAEF22032B24C1B000C34862 /* Category.swift in Sources */ = {isa = PBXBuildFile; fileRef = CAEF22022B24C1B000C34862 /* Category.swift */; };
		CAEF22052B24C1BE00C34862 /* Message.swift in Sources */ = {isa = PBXBuildFile; fileRef = CAEF22042B24C1BE00C34862 /* Message.swift */; };
		CAEF22072B24C30700C34862 /* TextManagementTableView.swift in Sources */ = {isa = PBXBuildFile; fileRef = CAEF22062B24C30700C34862 /* TextManagementTableView.swift */; };
		CAEF22092B258FD800C34862 /* Section.swift in Sources */ = {isa = PBXBuildFile; fileRef = CAEF22082B258FD800C34862 /* Section.swift */; };
		CAEF220B2B25905B00C34862 /* SectionCell.swift in Sources */ = {isa = PBXBuildFile; fileRef = CAEF220A2B25905B00C34862 /* SectionCell.swift */; };
		CAEF220D2B25908400C34862 /* SectionCollectionView.swift in Sources */ = {isa = PBXBuildFile; fileRef = CAEF220C2B25908400C34862 /* SectionCollectionView.swift */; };
		CAEF220F2B2594C600C34862 /* Globals.swift in Sources */ = {isa = PBXBuildFile; fileRef = CAEF220E2B2594C600C34862 /* Globals.swift */; };
		CAEF22112B2596C400C34862 /* History.swift in Sources */ = {isa = PBXBuildFile; fileRef = CAEF22102B2596C400C34862 /* History.swift */; };
		CAEF22162B259F4800C34862 /* CategoryAllCell.swift in Sources */ = {isa = PBXBuildFile; fileRef = CAEF22152B259F4800C34862 /* CategoryAllCell.swift */; };
		CAEF22192B259F8500C34862 /* CategoryAllCollectionView.swift in Sources */ = {isa = PBXBuildFile; fileRef = CAEF22182B259F8500C34862 /* CategoryAllCollectionView.swift */; };
		CAEF221B2B259F9100C34862 /* CategoryCollecitonView.swift in Sources */ = {isa = PBXBuildFile; fileRef = CAEF221A2B259F9100C34862 /* CategoryCollecitonView.swift */; };
		CAF959FC2B2896DC0017FD47 /* GenerateVC.swift in Sources */ = {isa = PBXBuildFile; fileRef = CAF959FB2B2896DC0017FD47 /* GenerateVC.swift */; };
		CAFF62C72B21C33F00D3CC45 /* FirebaseManager.swift in Sources */ = {isa = PBXBuildFile; fileRef = CAFF62C62B21C33F00D3CC45 /* FirebaseManager.swift */; };
		CAFF62C92B21C34C00D3CC45 /* APIManager.swift in Sources */ = {isa = PBXBuildFile; fileRef = CAFF62C82B21C34C00D3CC45 /* APIManager.swift */; };
		CAFF62CB2B21C37500D3CC45 /* UIColor+Extension.swift in Sources */ = {isa = PBXBuildFile; fileRef = CAFF62CA2B21C37500D3CC45 /* UIColor+Extension.swift */; };
		CAFF62D22B21C3F800D3CC45 /* SettingsVC.swift in Sources */ = {isa = PBXBuildFile; fileRef = CAFF62D12B21C3F800D3CC45 /* SettingsVC.swift */; };
		CAFF62D52B21C62B00D3CC45 /* TabbarController.swift in Sources */ = {isa = PBXBuildFile; fileRef = CAFF62D42B21C62B00D3CC45 /* TabbarController.swift */; };
		CAFF62D72B21C64F00D3CC45 /* ExploreVC.swift in Sources */ = {isa = PBXBuildFile; fileRef = CAFF62D62B21C64F00D3CC45 /* ExploreVC.swift */; };
		CAFF62D92B21C66E00D3CC45 /* HistoryVC.swift in Sources */ = {isa = PBXBuildFile; fileRef = CAFF62D82B21C66E00D3CC45 /* HistoryVC.swift */; };
		CAFF62DF2B21CACE00D3CC45 /* HeaderView.swift in Sources */ = {isa = PBXBuildFile; fileRef = CAFF62DE2B21CACE00D3CC45 /* HeaderView.swift */; };
		CAFF62E12B21CC0F00D3CC45 /* TextManagementView.swift in Sources */ = {isa = PBXBuildFile; fileRef = CAFF62E02B21CC0F00D3CC45 /* TextManagementView.swift */; };
		CAFF62E32B21CC2300D3CC45 /* MathAndSummaryView.swift in Sources */ = {isa = PBXBuildFile; fileRef = CAFF62E22B21CC2300D3CC45 /* MathAndSummaryView.swift */; };
		CAFF62E62B21D16300D3CC45 /* Constants.swift in Sources */ = {isa = PBXBuildFile; fileRef = CAFF62E52B21D16300D3CC45 /* Constants.swift */; };
		CAFF62E82B21E0E300D3CC45 /* TextInputField.swift in Sources */ = {isa = PBXBuildFile; fileRef = CAFF62E72B21E0E300D3CC45 /* TextInputField.swift */; };
/* End PBXBuildFile section */

/* Begin PBXFileReference section */
		CA643C582B208BF70092B575 /* AIChatApp.app */ = {isa = PBXFileReference; explicitFileType = wrapper.application; includeInIndex = 0; path = AIChatApp.app; sourceTree = BUILT_PRODUCTS_DIR; };
		CA643C5B2B208BF70092B575 /* AppDelegate.swift */ = {isa = PBXFileReference; lastKnownFileType = sourcecode.swift; path = AppDelegate.swift; sourceTree = "<group>"; };
		CA643C652B208BF70092B575 /* AIChatApp.xcdatamodel */ = {isa = PBXFileReference; lastKnownFileType = wrapper.xcdatamodel; path = AIChatApp.xcdatamodel; sourceTree = "<group>"; };
		CA643C672B208BF80092B575 /* Assets.xcassets */ = {isa = PBXFileReference; lastKnownFileType = folder.assetcatalog; path = Assets.xcassets; sourceTree = "<group>"; };
		CA643C6C2B208BF80092B575 /* Info.plist */ = {isa = PBXFileReference; lastKnownFileType = text.plist.xml; path = Info.plist; sourceTree = "<group>"; };
		CA643C7A2B208F170092B575 /* HomeVC.swift */ = {isa = PBXFileReference; lastKnownFileType = sourcecode.swift; path = HomeVC.swift; sourceTree = "<group>"; };
		CA8142142B32E50000500E4B /* SettingsCell.swift */ = {isa = PBXFileReference; lastKnownFileType = sourcecode.swift; path = SettingsCell.swift; sourceTree = "<group>"; };
		CA8142172B32F9E400500E4B /* SettingsTableView.swift */ = {isa = PBXFileReference; lastKnownFileType = sourcecode.swift; path = SettingsTableView.swift; sourceTree = "<group>"; };
		CA8142192B32FA2500500E4B /* Settings.swift */ = {isa = PBXFileReference; lastKnownFileType = sourcecode.swift; path = Settings.swift; sourceTree = "<group>"; };
		CA8994142B230145000D9EED /* HomeSliderVC.swift */ = {isa = PBXFileReference; lastKnownFileType = sourcecode.swift; path = HomeSliderVC.swift; sourceTree = "<group>"; };
		CA8994162B231A4D000D9EED /* MessageButton.swift */ = {isa = PBXFileReference; lastKnownFileType = sourcecode.swift; path = MessageButton.swift; sourceTree = "<group>"; };
		CA8994192B231B4B000D9EED /* TextManagementCell.swift */ = {isa = PBXFileReference; lastKnownFileType = sourcecode.swift; path = TextManagementCell.swift; sourceTree = "<group>"; };
		CA9828872B31A41B00806F45 /* CategoryCell.swift */ = {isa = PBXFileReference; lastKnownFileType = sourcecode.swift; path = CategoryCell.swift; sourceTree = "<group>"; };
		CA9828892B31B5E100806F45 /* ExploreCustomView.swift */ = {isa = PBXFileReference; lastKnownFileType = sourcecode.swift; path = ExploreCustomView.swift; sourceTree = "<group>"; };
		CA98288B2B31E24200806F45 /* ContinueButton.swift */ = {isa = PBXFileReference; lastKnownFileType = sourcecode.swift; path = ContinueButton.swift; sourceTree = "<group>"; };
		CAAD74AA2B3314D6009C4027 /* EmptyChatView.swift */ = {isa = PBXFileReference; lastKnownFileType = sourcecode.swift; path = EmptyChatView.swift; sourceTree = "<group>"; };
		CAEF22022B24C1B000C34862 /* Category.swift */ = {isa = PBXFileReference; lastKnownFileType = sourcecode.swift; path = Category.swift; sourceTree = "<group>"; };
		CAEF22042B24C1BE00C34862 /* Message.swift */ = {isa = PBXFileReference; lastKnownFileType = sourcecode.swift; path = Message.swift; sourceTree = "<group>"; };
		CAEF22062B24C30700C34862 /* TextManagementTableView.swift */ = {isa = PBXFileReference; lastKnownFileType = sourcecode.swift; path = TextManagementTableView.swift; sourceTree = "<group>"; };
		CAEF22082B258FD800C34862 /* Section.swift */ = {isa = PBXFileReference; lastKnownFileType = sourcecode.swift; path = Section.swift; sourceTree = "<group>"; };
		CAEF220A2B25905B00C34862 /* SectionCell.swift */ = {isa = PBXFileReference; lastKnownFileType = sourcecode.swift; path = SectionCell.swift; sourceTree = "<group>"; };
		CAEF220C2B25908400C34862 /* SectionCollectionView.swift */ = {isa = PBXFileReference; lastKnownFileType = sourcecode.swift; path = SectionCollectionView.swift; sourceTree = "<group>"; };
		CAEF220E2B2594C600C34862 /* Globals.swift */ = {isa = PBXFileReference; lastKnownFileType = sourcecode.swift; path = Globals.swift; sourceTree = "<group>"; };
		CAEF22102B2596C400C34862 /* History.swift */ = {isa = PBXFileReference; lastKnownFileType = sourcecode.swift; path = History.swift; sourceTree = "<group>"; };
		CAEF22152B259F4800C34862 /* CategoryAllCell.swift */ = {isa = PBXFileReference; lastKnownFileType = sourcecode.swift; path = CategoryAllCell.swift; sourceTree = "<group>"; };
		CAEF22182B259F8500C34862 /* CategoryAllCollectionView.swift */ = {isa = PBXFileReference; lastKnownFileType = sourcecode.swift; path = CategoryAllCollectionView.swift; sourceTree = "<group>"; };
		CAEF221A2B259F9100C34862 /* CategoryCollecitonView.swift */ = {isa = PBXFileReference; lastKnownFileType = sourcecode.swift; path = CategoryCollecitonView.swift; sourceTree = "<group>"; };
		CAF959FB2B2896DC0017FD47 /* GenerateVC.swift */ = {isa = PBXFileReference; lastKnownFileType = sourcecode.swift; path = GenerateVC.swift; sourceTree = "<group>"; };
		CAFF62C62B21C33F00D3CC45 /* FirebaseManager.swift */ = {isa = PBXFileReference; lastKnownFileType = sourcecode.swift; path = FirebaseManager.swift; sourceTree = "<group>"; };
		CAFF62C82B21C34C00D3CC45 /* APIManager.swift */ = {isa = PBXFileReference; lastKnownFileType = sourcecode.swift; path = APIManager.swift; sourceTree = "<group>"; };
		CAFF62CA2B21C37500D3CC45 /* UIColor+Extension.swift */ = {isa = PBXFileReference; lastKnownFileType = sourcecode.swift; path = "UIColor+Extension.swift"; sourceTree = "<group>"; };
		CAFF62D12B21C3F800D3CC45 /* SettingsVC.swift */ = {isa = PBXFileReference; lastKnownFileType = sourcecode.swift; path = SettingsVC.swift; sourceTree = "<group>"; };
		CAFF62D42B21C62B00D3CC45 /* TabbarController.swift */ = {isa = PBXFileReference; lastKnownFileType = sourcecode.swift; path = TabbarController.swift; sourceTree = "<group>"; };
		CAFF62D62B21C64F00D3CC45 /* ExploreVC.swift */ = {isa = PBXFileReference; lastKnownFileType = sourcecode.swift; path = ExploreVC.swift; sourceTree = "<group>"; };
		CAFF62D82B21C66E00D3CC45 /* HistoryVC.swift */ = {isa = PBXFileReference; lastKnownFileType = sourcecode.swift; path = HistoryVC.swift; sourceTree = "<group>"; };
		CAFF62DE2B21CACE00D3CC45 /* HeaderView.swift */ = {isa = PBXFileReference; lastKnownFileType = sourcecode.swift; path = HeaderView.swift; sourceTree = "<group>"; };
		CAFF62E02B21CC0F00D3CC45 /* TextManagementView.swift */ = {isa = PBXFileReference; lastKnownFileType = sourcecode.swift; path = TextManagementView.swift; sourceTree = "<group>"; };
		CAFF62E22B21CC2300D3CC45 /* MathAndSummaryView.swift */ = {isa = PBXFileReference; lastKnownFileType = sourcecode.swift; path = MathAndSummaryView.swift; sourceTree = "<group>"; };
		CAFF62E52B21D16300D3CC45 /* Constants.swift */ = {isa = PBXFileReference; lastKnownFileType = sourcecode.swift; path = Constants.swift; sourceTree = "<group>"; };
		CAFF62E72B21E0E300D3CC45 /* TextInputField.swift */ = {isa = PBXFileReference; lastKnownFileType = sourcecode.swift; path = TextInputField.swift; sourceTree = "<group>"; };
/* End PBXFileReference section */

/* Begin PBXFrameworksBuildPhase section */
		CA643C552B208BF70092B575 /* Frameworks */ = {
			isa = PBXFrameworksBuildPhase;
			buildActionMask = 2147483647;
			files = (
				CA643C742B208D2F0092B575 /* NeonSDK in Frameworks */,
				CA643C772B208DBE0092B575 /* GhostTypewriter in Frameworks */,
			);
			runOnlyForDeploymentPostprocessing = 0;
		};
/* End PBXFrameworksBuildPhase section */

/* Begin PBXGroup section */
		CA643C4F2B208BF70092B575 = {
			isa = PBXGroup;
			children = (
				CA643C5A2B208BF70092B575 /* AIChatApp */,
				CA643C592B208BF70092B575 /* Products */,
			);
			sourceTree = "<group>";
		};
		CA643C592B208BF70092B575 /* Products */ = {
			isa = PBXGroup;
			children = (
				CA643C582B208BF70092B575 /* AIChatApp.app */,
			);
			name = Products;
			sourceTree = "<group>";
		};
		CA643C5A2B208BF70092B575 /* AIChatApp */ = {
			isa = PBXGroup;
			children = (
				CAFF62E42B21D14F00D3CC45 /* Constants */,
				CAFF62C52B21C30A00D3CC45 /* Extensions */,
				CAFF62C42B21C2D700D3CC45 /* View */,
				CAFF62C32B21C2D100D3CC45 /* Manager */,
				CAFF62C22B21C2CB00D3CC45 /* Model */,
				CA643C782B208EF00092B575 /* Scene */,
				CA643C5B2B208BF70092B575 /* AppDelegate.swift */,
				CAEF220E2B2594C600C34862 /* Globals.swift */,
				CA643C672B208BF80092B575 /* Assets.xcassets */,
				CA643C6C2B208BF80092B575 /* Info.plist */,
				CA643C642B208BF70092B575 /* AIChatApp.xcdatamodeld */,
			);
			path = AIChatApp;
			sourceTree = "<group>";
		};
		CA643C782B208EF00092B575 /* Scene */ = {
			isa = PBXGroup;
			children = (
				CAFF62D32B21C5FD00D3CC45 /* Tabbar */,
				CAFF62D02B21C3E700D3CC45 /* Paywal */,
				CAFF62CF2B21C3DE00D3CC45 /* Onboarding */,
				CAFF62CE2B21C3D800D3CC45 /* Settings */,
			);
			path = Scene;
			sourceTree = "<group>";
		};
		CA643C792B208F060092B575 /* Home */ = {
			isa = PBXGroup;
			children = (
				CA643C7A2B208F170092B575 /* HomeVC.swift */,
				CA8994142B230145000D9EED /* HomeSliderVC.swift */,
			);
			path = Home;
			sourceTree = "<group>";
		};
		CA8142162B32F9CE00500E4B /* SettingsTableView */ = {
			isa = PBXGroup;
			children = (
				CA8142142B32E50000500E4B /* SettingsCell.swift */,
				CA8142172B32F9E400500E4B /* SettingsTableView.swift */,
			);
			path = SettingsTableView;
			sourceTree = "<group>";
		};
		CA8994182B231B37000D9EED /* HomeTableView */ = {
			isa = PBXGroup;
			children = (
				CA8994192B231B4B000D9EED /* TextManagementCell.swift */,
				CAEF22062B24C30700C34862 /* TextManagementTableView.swift */,
			);
			path = HomeTableView;
			sourceTree = "<group>";
		};
		CAEF22122B259EE600C34862 /* ExploreCollectionView */ = {
			isa = PBXGroup;
			children = (
				CAEF22142B259F3500C34862 /* CategoryCollectionView */,
				CAEF22132B259F1800C34862 /* SectionCollectionView */,
			);
			path = ExploreCollectionView;
			sourceTree = "<group>";
		};
		CAEF22132B259F1800C34862 /* SectionCollectionView */ = {
			isa = PBXGroup;
			children = (
				CAEF220A2B25905B00C34862 /* SectionCell.swift */,
				CAEF220C2B25908400C34862 /* SectionCollectionView.swift */,
			);
			path = SectionCollectionView;
			sourceTree = "<group>";
		};
		CAEF22142B259F3500C34862 /* CategoryCollectionView */ = {
			isa = PBXGroup;
			children = (
				CAEF22152B259F4800C34862 /* CategoryAllCell.swift */,
				CAEF22182B259F8500C34862 /* CategoryAllCollectionView.swift */,
				CAEF221A2B259F9100C34862 /* CategoryCollecitonView.swift */,
				CA9828872B31A41B00806F45 /* CategoryCell.swift */,
			);
			path = CategoryCollectionView;
			sourceTree = "<group>";
		};
		CAFF62C22B21C2CB00D3CC45 /* Model */ = {
			isa = PBXGroup;
			children = (
				CAEF22022B24C1B000C34862 /* Category.swift */,
				CAEF22042B24C1BE00C34862 /* Message.swift */,
				CAEF22082B258FD800C34862 /* Section.swift */,
				CAEF22102B2596C400C34862 /* History.swift */,
				CA8142192B32FA2500500E4B /* Settings.swift */,
			);
			path = Model;
			sourceTree = "<group>";
		};
		CAFF62C32B21C2D100D3CC45 /* Manager */ = {
			isa = PBXGroup;
			children = (
				CAFF62C62B21C33F00D3CC45 /* FirebaseManager.swift */,
				CAFF62C82B21C34C00D3CC45 /* APIManager.swift */,
			);
			path = Manager;
			sourceTree = "<group>";
		};
		CAFF62C42B21C2D700D3CC45 /* View */ = {
			isa = PBXGroup;
			children = (
				CAFF62DD2B21CAB400D3CC45 /* Buttons */,
				CAFF62DC2B21CAA800D3CC45 /* Views */,
				CAFF62DB2B21CAA000D3CC45 /* TableViews */,
				CAFF62DA2B21CA9600D3CC45 /* CollectionViews */,
			);
			path = View;
			sourceTree = "<group>";
		};
		CAFF62C52B21C30A00D3CC45 /* Extensions */ = {
			isa = PBXGroup;
			children = (
				CAFF62CA2B21C37500D3CC45 /* UIColor+Extension.swift */,
			);
			path = Extensions;
			sourceTree = "<group>";
		};
		CAFF62CC2B21C3BC00D3CC45 /* Explore */ = {
			isa = PBXGroup;
			children = (
				CAFF62D62B21C64F00D3CC45 /* ExploreVC.swift */,
				CAF959FB2B2896DC0017FD47 /* GenerateVC.swift */,
			);
			path = Explore;
			sourceTree = "<group>";
		};
		CAFF62CD2B21C3C300D3CC45 /* History */ = {
			isa = PBXGroup;
			children = (
				CAFF62D82B21C66E00D3CC45 /* HistoryVC.swift */,
			);
			path = History;
			sourceTree = "<group>";
		};
		CAFF62CE2B21C3D800D3CC45 /* Settings */ = {
			isa = PBXGroup;
			children = (
				CAFF62D12B21C3F800D3CC45 /* SettingsVC.swift */,
			);
			path = Settings;
			sourceTree = "<group>";
		};
		CAFF62CF2B21C3DE00D3CC45 /* Onboarding */ = {
			isa = PBXGroup;
			children = (
			);
			path = Onboarding;
			sourceTree = "<group>";
		};
		CAFF62D02B21C3E700D3CC45 /* Paywal */ = {
			isa = PBXGroup;
			children = (
			);
			path = Paywal;
			sourceTree = "<group>";
		};
		CAFF62D32B21C5FD00D3CC45 /* Tabbar */ = {
			isa = PBXGroup;
			children = (
				CAFF62D42B21C62B00D3CC45 /* TabbarController.swift */,
				CAFF62CC2B21C3BC00D3CC45 /* Explore */,
				CAFF62CD2B21C3C300D3CC45 /* History */,
				CA643C792B208F060092B575 /* Home */,
			);
			path = Tabbar;
			sourceTree = "<group>";
		};
		CAFF62DA2B21CA9600D3CC45 /* CollectionViews */ = {
			isa = PBXGroup;
			children = (
				CAEF22122B259EE600C34862 /* ExploreCollectionView */,
			);
			path = CollectionViews;
			sourceTree = "<group>";
		};
		CAFF62DB2B21CAA000D3CC45 /* TableViews */ = {
			isa = PBXGroup;
			children = (
				CA8142162B32F9CE00500E4B /* SettingsTableView */,
				CA8994182B231B37000D9EED /* HomeTableView */,
			);
			path = TableViews;
			sourceTree = "<group>";
		};
		CAFF62DC2B21CAA800D3CC45 /* Views */ = {
			isa = PBXGroup;
			children = (
				CAFF62DE2B21CACE00D3CC45 /* HeaderView.swift */,
				CAFF62E02B21CC0F00D3CC45 /* TextManagementView.swift */,
				CAFF62E22B21CC2300D3CC45 /* MathAndSummaryView.swift */,
				CAFF62E72B21E0E300D3CC45 /* TextInputField.swift */,
				CA9828892B31B5E100806F45 /* ExploreCustomView.swift */,
				CAAD74AA2B3314D6009C4027 /* EmptyChatView.swift */,
			);
			path = Views;
			sourceTree = "<group>";
		};
		CAFF62DD2B21CAB400D3CC45 /* Buttons */ = {
			isa = PBXGroup;
			children = (
				CA8994162B231A4D000D9EED /* MessageButton.swift */,
				CA98288B2B31E24200806F45 /* ContinueButton.swift */,
			);
			path = Buttons;
			sourceTree = "<group>";
		};
		CAFF62E42B21D14F00D3CC45 /* Constants */ = {
			isa = PBXGroup;
			children = (
				CAFF62E52B21D16300D3CC45 /* Constants.swift */,
			);
			path = Constants;
			sourceTree = "<group>";
		};
/* End PBXGroup section */

/* Begin PBXNativeTarget section */
		CA643C572B208BF70092B575 /* AIChatApp */ = {
			isa = PBXNativeTarget;
			buildConfigurationList = CA643C6F2B208BF80092B575 /* Build configuration list for PBXNativeTarget "AIChatApp" */;
			buildPhases = (
				CA643C542B208BF70092B575 /* Sources */,
				CA643C552B208BF70092B575 /* Frameworks */,
				CA643C562B208BF70092B575 /* Resources */,
			);
			buildRules = (
			);
			dependencies = (
			);
			name = AIChatApp;
			packageProductDependencies = (
				CA643C732B208D2F0092B575 /* NeonSDK */,
				CA643C762B208DBE0092B575 /* GhostTypewriter */,
			);
			productName = AIChatApp;
			productReference = CA643C582B208BF70092B575 /* AIChatApp.app */;
			productType = "com.apple.product-type.application";
		};
/* End PBXNativeTarget section */

/* Begin PBXProject section */
		CA643C502B208BF70092B575 /* Project object */ = {
			isa = PBXProject;
			attributes = {
				BuildIndependentTargetsInParallel = 1;
				LastSwiftUpdateCheck = 1430;
				LastUpgradeCheck = 1430;
				TargetAttributes = {
					CA643C572B208BF70092B575 = {
						CreatedOnToolsVersion = 14.3.1;
					};
				};
			};
			buildConfigurationList = CA643C532B208BF70092B575 /* Build configuration list for PBXProject "AIChatApp" */;
			compatibilityVersion = "Xcode 14.0";
			developmentRegion = en;
			hasScannedForEncodings = 0;
			knownRegions = (
				en,
				Base,
			);
			mainGroup = CA643C4F2B208BF70092B575;
			packageReferences = (
				CA643C722B208D2F0092B575 /* XCRemoteSwiftPackageReference "NeonSDK" */,
				CA643C752B208DBE0092B575 /* XCRemoteSwiftPackageReference "GhostTypewriter" */,
			);
			productRefGroup = CA643C592B208BF70092B575 /* Products */;
			projectDirPath = "";
			projectRoot = "";
			targets = (
				CA643C572B208BF70092B575 /* AIChatApp */,
			);
		};
/* End PBXProject section */

/* Begin PBXResourcesBuildPhase section */
		CA643C562B208BF70092B575 /* Resources */ = {
			isa = PBXResourcesBuildPhase;
			buildActionMask = 2147483647;
			files = (
				CA643C682B208BF80092B575 /* Assets.xcassets in Resources */,
			);
			runOnlyForDeploymentPostprocessing = 0;
		};
/* End PBXResourcesBuildPhase section */

/* Begin PBXSourcesBuildPhase section */
		CA643C542B208BF70092B575 /* Sources */ = {
			isa = PBXSourcesBuildPhase;
			buildActionMask = 2147483647;
			files = (
				CAFF62E32B21CC2300D3CC45 /* MathAndSummaryView.swift in Sources */,
				CAFF62C72B21C33F00D3CC45 /* FirebaseManager.swift in Sources */,
				CAAD74AB2B3314D6009C4027 /* EmptyChatView.swift in Sources */,
				CAEF22032B24C1B000C34862 /* Category.swift in Sources */,
				CA98288C2B31E24200806F45 /* ContinueButton.swift in Sources */,
				CA8994152B230145000D9EED /* HomeSliderVC.swift in Sources */,
				CA9828882B31A41B00806F45 /* CategoryCell.swift in Sources */,
				CA81421A2B32FA2500500E4B /* Settings.swift in Sources */,
				CAFF62D92B21C66E00D3CC45 /* HistoryVC.swift in Sources */,
				CAFF62D52B21C62B00D3CC45 /* TabbarController.swift in Sources */,
				CA98288A2B31B5E100806F45 /* ExploreCustomView.swift in Sources */,
				CA643C7B2B208F170092B575 /* HomeVC.swift in Sources */,
				CAFF62D72B21C64F00D3CC45 /* ExploreVC.swift in Sources */,
				CAFF62C92B21C34C00D3CC45 /* APIManager.swift in Sources */,
				CAFF62E82B21E0E300D3CC45 /* TextInputField.swift in Sources */,
				CAEF22112B2596C400C34862 /* History.swift in Sources */,
				CAFF62CB2B21C37500D3CC45 /* UIColor+Extension.swift in Sources */,
				CAEF220B2B25905B00C34862 /* SectionCell.swift in Sources */,
				CAFF62DF2B21CACE00D3CC45 /* HeaderView.swift in Sources */,
				CAEF220F2B2594C600C34862 /* Globals.swift in Sources */,
				CA89941A2B231B4B000D9EED /* TextManagementCell.swift in Sources */,
				CAEF22192B259F8500C34862 /* CategoryAllCollectionView.swift in Sources */,
				CA8142152B32E50000500E4B /* SettingsCell.swift in Sources */,
				CAFF62E12B21CC0F00D3CC45 /* TextManagementView.swift in Sources */,
				CAEF22072B24C30700C34862 /* TextManagementTableView.swift in Sources */,
				CAEF22092B258FD800C34862 /* Section.swift in Sources */,
				CAFF62D22B21C3F800D3CC45 /* SettingsVC.swift in Sources */,
				CAF959FC2B2896DC0017FD47 /* GenerateVC.swift in Sources */,
				CAEF220D2B25908400C34862 /* SectionCollectionView.swift in Sources */,
				CAFF62E62B21D16300D3CC45 /* Constants.swift in Sources */,
				CA8142182B32F9E400500E4B /* SettingsTableView.swift in Sources */,
				CA643C662B208BF70092B575 /* AIChatApp.xcdatamodeld in Sources */,
				CAEF221B2B259F9100C34862 /* CategoryCollecitonView.swift in Sources */,
				CAEF22162B259F4800C34862 /* CategoryAllCell.swift in Sources */,
				CAEF22052B24C1BE00C34862 /* Message.swift in Sources */,
				CA8994172B231A4D000D9EED /* MessageButton.swift in Sources */,
				CA643C5C2B208BF70092B575 /* AppDelegate.swift in Sources */,
			);
			runOnlyForDeploymentPostprocessing = 0;
		};
/* End PBXSourcesBuildPhase section */

/* Begin XCBuildConfiguration section */
		CA643C6D2B208BF80092B575 /* Debug */ = {
			isa = XCBuildConfiguration;
			buildSettings = {
				ALWAYS_SEARCH_USER_PATHS = NO;
				CLANG_ANALYZER_NONNULL = YES;
				CLANG_ANALYZER_NUMBER_OBJECT_CONVERSION = YES_AGGRESSIVE;
				CLANG_CXX_LANGUAGE_STANDARD = "gnu++20";
				CLANG_ENABLE_MODULES = YES;
				CLANG_ENABLE_OBJC_ARC = YES;
				CLANG_ENABLE_OBJC_WEAK = YES;
				CLANG_WARN_BLOCK_CAPTURE_AUTORELEASING = YES;
				CLANG_WARN_BOOL_CONVERSION = YES;
				CLANG_WARN_COMMA = YES;
				CLANG_WARN_CONSTANT_CONVERSION = YES;
				CLANG_WARN_DEPRECATED_OBJC_IMPLEMENTATIONS = YES;
				CLANG_WARN_DIRECT_OBJC_ISA_USAGE = YES_ERROR;
				CLANG_WARN_DOCUMENTATION_COMMENTS = YES;
				CLANG_WARN_EMPTY_BODY = YES;
				CLANG_WARN_ENUM_CONVERSION = YES;
				CLANG_WARN_INFINITE_RECURSION = YES;
				CLANG_WARN_INT_CONVERSION = YES;
				CLANG_WARN_NON_LITERAL_NULL_CONVERSION = YES;
				CLANG_WARN_OBJC_IMPLICIT_RETAIN_SELF = YES;
				CLANG_WARN_OBJC_LITERAL_CONVERSION = YES;
				CLANG_WARN_OBJC_ROOT_CLASS = YES_ERROR;
				CLANG_WARN_QUOTED_INCLUDE_IN_FRAMEWORK_HEADER = YES;
				CLANG_WARN_RANGE_LOOP_ANALYSIS = YES;
				CLANG_WARN_STRICT_PROTOTYPES = YES;
				CLANG_WARN_SUSPICIOUS_MOVE = YES;
				CLANG_WARN_UNGUARDED_AVAILABILITY = YES_AGGRESSIVE;
				CLANG_WARN_UNREACHABLE_CODE = YES;
				CLANG_WARN__DUPLICATE_METHOD_MATCH = YES;
				COPY_PHASE_STRIP = NO;
				DEBUG_INFORMATION_FORMAT = dwarf;
				ENABLE_STRICT_OBJC_MSGSEND = YES;
				ENABLE_TESTABILITY = YES;
				GCC_C_LANGUAGE_STANDARD = gnu11;
				GCC_DYNAMIC_NO_PIC = NO;
				GCC_NO_COMMON_BLOCKS = YES;
				GCC_OPTIMIZATION_LEVEL = 0;
				GCC_PREPROCESSOR_DEFINITIONS = (
					"DEBUG=1",
					"$(inherited)",
				);
				GCC_WARN_64_TO_32_BIT_CONVERSION = YES;
				GCC_WARN_ABOUT_RETURN_TYPE = YES_ERROR;
				GCC_WARN_UNDECLARED_SELECTOR = YES;
				GCC_WARN_UNINITIALIZED_AUTOS = YES_AGGRESSIVE;
				GCC_WARN_UNUSED_FUNCTION = YES;
				GCC_WARN_UNUSED_VARIABLE = YES;
				IPHONEOS_DEPLOYMENT_TARGET = 16.4;
				MTL_ENABLE_DEBUG_INFO = INCLUDE_SOURCE;
				MTL_FAST_MATH = YES;
				ONLY_ACTIVE_ARCH = YES;
				SDKROOT = iphoneos;
				SWIFT_ACTIVE_COMPILATION_CONDITIONS = DEBUG;
				SWIFT_OPTIMIZATION_LEVEL = "-Onone";
			};
			name = Debug;
		};
		CA643C6E2B208BF80092B575 /* Release */ = {
			isa = XCBuildConfiguration;
			buildSettings = {
				ALWAYS_SEARCH_USER_PATHS = NO;
				CLANG_ANALYZER_NONNULL = YES;
				CLANG_ANALYZER_NUMBER_OBJECT_CONVERSION = YES_AGGRESSIVE;
				CLANG_CXX_LANGUAGE_STANDARD = "gnu++20";
				CLANG_ENABLE_MODULES = YES;
				CLANG_ENABLE_OBJC_ARC = YES;
				CLANG_ENABLE_OBJC_WEAK = YES;
				CLANG_WARN_BLOCK_CAPTURE_AUTORELEASING = YES;
				CLANG_WARN_BOOL_CONVERSION = YES;
				CLANG_WARN_COMMA = YES;
				CLANG_WARN_CONSTANT_CONVERSION = YES;
				CLANG_WARN_DEPRECATED_OBJC_IMPLEMENTATIONS = YES;
				CLANG_WARN_DIRECT_OBJC_ISA_USAGE = YES_ERROR;
				CLANG_WARN_DOCUMENTATION_COMMENTS = YES;
				CLANG_WARN_EMPTY_BODY = YES;
				CLANG_WARN_ENUM_CONVERSION = YES;
				CLANG_WARN_INFINITE_RECURSION = YES;
				CLANG_WARN_INT_CONVERSION = YES;
				CLANG_WARN_NON_LITERAL_NULL_CONVERSION = YES;
				CLANG_WARN_OBJC_IMPLICIT_RETAIN_SELF = YES;
				CLANG_WARN_OBJC_LITERAL_CONVERSION = YES;
				CLANG_WARN_OBJC_ROOT_CLASS = YES_ERROR;
				CLANG_WARN_QUOTED_INCLUDE_IN_FRAMEWORK_HEADER = YES;
				CLANG_WARN_RANGE_LOOP_ANALYSIS = YES;
				CLANG_WARN_STRICT_PROTOTYPES = YES;
				CLANG_WARN_SUSPICIOUS_MOVE = YES;
				CLANG_WARN_UNGUARDED_AVAILABILITY = YES_AGGRESSIVE;
				CLANG_WARN_UNREACHABLE_CODE = YES;
				CLANG_WARN__DUPLICATE_METHOD_MATCH = YES;
				COPY_PHASE_STRIP = NO;
				DEBUG_INFORMATION_FORMAT = "dwarf-with-dsym";
				ENABLE_NS_ASSERTIONS = NO;
				ENABLE_STRICT_OBJC_MSGSEND = YES;
				GCC_C_LANGUAGE_STANDARD = gnu11;
				GCC_NO_COMMON_BLOCKS = YES;
				GCC_WARN_64_TO_32_BIT_CONVERSION = YES;
				GCC_WARN_ABOUT_RETURN_TYPE = YES_ERROR;
				GCC_WARN_UNDECLARED_SELECTOR = YES;
				GCC_WARN_UNINITIALIZED_AUTOS = YES_AGGRESSIVE;
				GCC_WARN_UNUSED_FUNCTION = YES;
				GCC_WARN_UNUSED_VARIABLE = YES;
				IPHONEOS_DEPLOYMENT_TARGET = 16.4;
				MTL_ENABLE_DEBUG_INFO = NO;
				MTL_FAST_MATH = YES;
				SDKROOT = iphoneos;
				SWIFT_COMPILATION_MODE = wholemodule;
				SWIFT_OPTIMIZATION_LEVEL = "-O";
				VALIDATE_PRODUCT = YES;
			};
			name = Release;
		};
		CA643C702B208BF80092B575 /* Debug */ = {
			isa = XCBuildConfiguration;
			buildSettings = {
				ASSETCATALOG_COMPILER_APPICON_NAME = AppIcon;
				ASSETCATALOG_COMPILER_GLOBAL_ACCENT_COLOR_NAME = AccentColor;
				CODE_SIGN_STYLE = Automatic;
				CURRENT_PROJECT_VERSION = 1;
				DEVELOPMENT_TEAM = 575VRN835F;
				GENERATE_INFOPLIST_FILE = YES;
				INFOPLIST_FILE = AIChatApp/Info.plist;
				INFOPLIST_KEY_UIApplicationSupportsIndirectInputEvents = YES;
				INFOPLIST_KEY_UILaunchStoryboardName = LaunchScreen;
				INFOPLIST_KEY_UIMainStoryboardFile = "";
				INFOPLIST_KEY_UISupportedInterfaceOrientations_iPad = "UIInterfaceOrientationPortrait UIInterfaceOrientationPortraitUpsideDown UIInterfaceOrientationLandscapeLeft UIInterfaceOrientationLandscapeRight";
				INFOPLIST_KEY_UISupportedInterfaceOrientations_iPhone = "UIInterfaceOrientationPortrait UIInterfaceOrientationLandscapeLeft UIInterfaceOrientationLandscapeRight";
				LD_RUNPATH_SEARCH_PATHS = (
					"$(inherited)",
					"@executable_path/Frameworks",
				);
				MARKETING_VERSION = 1.0;
				PRODUCT_BUNDLE_IDENTIFIER = com.nesrinnbozan.AIChatApp;
				PRODUCT_NAME = "$(TARGET_NAME)";
				SUPPORTED_PLATFORMS = "iphoneos iphonesimulator";
				SUPPORTS_MACCATALYST = NO;
				SUPPORTS_MAC_DESIGNED_FOR_IPHONE_IPAD = NO;
				SWIFT_EMIT_LOC_STRINGS = YES;
				SWIFT_VERSION = 5.0;
				TARGETED_DEVICE_FAMILY = "1,2";
			};
			name = Debug;
		};
		CA643C712B208BF80092B575 /* Release */ = {
			isa = XCBuildConfiguration;
			buildSettings = {
				ASSETCATALOG_COMPILER_APPICON_NAME = AppIcon;
				ASSETCATALOG_COMPILER_GLOBAL_ACCENT_COLOR_NAME = AccentColor;
				CODE_SIGN_STYLE = Automatic;
				CURRENT_PROJECT_VERSION = 1;
				DEVELOPMENT_TEAM = 575VRN835F;
				GENERATE_INFOPLIST_FILE = YES;
				INFOPLIST_FILE = AIChatApp/Info.plist;
				INFOPLIST_KEY_UIApplicationSupportsIndirectInputEvents = YES;
				INFOPLIST_KEY_UILaunchStoryboardName = LaunchScreen;
				INFOPLIST_KEY_UIMainStoryboardFile = "";
				INFOPLIST_KEY_UISupportedInterfaceOrientations_iPad = "UIInterfaceOrientationPortrait UIInterfaceOrientationPortraitUpsideDown UIInterfaceOrientationLandscapeLeft UIInterfaceOrientationLandscapeRight";
				INFOPLIST_KEY_UISupportedInterfaceOrientations_iPhone = "UIInterfaceOrientationPortrait UIInterfaceOrientationLandscapeLeft UIInterfaceOrientationLandscapeRight";
				LD_RUNPATH_SEARCH_PATHS = (
					"$(inherited)",
					"@executable_path/Frameworks",
				);
				MARKETING_VERSION = 1.0;
				PRODUCT_BUNDLE_IDENTIFIER = com.nesrinnbozan.AIChatApp;
				PRODUCT_NAME = "$(TARGET_NAME)";
				SUPPORTED_PLATFORMS = "iphoneos iphonesimulator";
				SUPPORTS_MACCATALYST = NO;
				SUPPORTS_MAC_DESIGNED_FOR_IPHONE_IPAD = NO;
				SWIFT_EMIT_LOC_STRINGS = YES;
				SWIFT_VERSION = 5.0;
				TARGETED_DEVICE_FAMILY = "1,2";
			};
			name = Release;
		};
/* End XCBuildConfiguration section */

/* Begin XCConfigurationList section */
		CA643C532B208BF70092B575 /* Build configuration list for PBXProject "AIChatApp" */ = {
			isa = XCConfigurationList;
			buildConfigurations = (
				CA643C6D2B208BF80092B575 /* Debug */,
				CA643C6E2B208BF80092B575 /* Release */,
			);
			defaultConfigurationIsVisible = 0;
			defaultConfigurationName = Release;
		};
		CA643C6F2B208BF80092B575 /* Build configuration list for PBXNativeTarget "AIChatApp" */ = {
			isa = XCConfigurationList;
			buildConfigurations = (
				CA643C702B208BF80092B575 /* Debug */,
				CA643C712B208BF80092B575 /* Release */,
			);
			defaultConfigurationIsVisible = 0;
			defaultConfigurationName = Release;
		};
/* End XCConfigurationList section */

/* Begin XCRemoteSwiftPackageReference section */
		CA643C722B208D2F0092B575 /* XCRemoteSwiftPackageReference "NeonSDK" */ = {
			isa = XCRemoteSwiftPackageReference;
			repositoryURL = "https://github.com/NesrinBozan/NeonSDK.git";
			requirement = {
				branch = main;
				kind = branch;
			};
		};
		CA643C752B208DBE0092B575 /* XCRemoteSwiftPackageReference "GhostTypewriter" */ = {
			isa = XCRemoteSwiftPackageReference;
			repositoryURL = "https://github.com/wibosco/GhostTypewriter.git";
			requirement = {
				kind = upToNextMajorVersion;
				minimumVersion = 2.0.0;
			};
		};
/* End XCRemoteSwiftPackageReference section */

/* Begin XCSwiftPackageProductDependency section */
		CA643C732B208D2F0092B575 /* NeonSDK */ = {
			isa = XCSwiftPackageProductDependency;
			package = CA643C722B208D2F0092B575 /* XCRemoteSwiftPackageReference "NeonSDK" */;
			productName = NeonSDK;
		};
		CA643C762B208DBE0092B575 /* GhostTypewriter */ = {
			isa = XCSwiftPackageProductDependency;
			package = CA643C752B208DBE0092B575 /* XCRemoteSwiftPackageReference "GhostTypewriter" */;
			productName = GhostTypewriter;
		};
/* End XCSwiftPackageProductDependency section */

/* Begin XCVersionGroup section */
		CA643C642B208BF70092B575 /* AIChatApp.xcdatamodeld */ = {
			isa = XCVersionGroup;
			children = (
				CA643C652B208BF70092B575 /* AIChatApp.xcdatamodel */,
			);
			currentVersion = CA643C652B208BF70092B575 /* AIChatApp.xcdatamodel */;
			path = AIChatApp.xcdatamodeld;
			sourceTree = "<group>";
			versionGroupType = wrapper.xcdatamodel;
		};
/* End XCVersionGroup section */
	};
	rootObject = CA643C502B208BF70092B575 /* Project object */;
}
